// !$*UTF8*$!
{
	archiveVersion = 1;
	classes = {
	};
	objectVersion = 50;
	objects = {

/* Begin PBXBuildFile section */
		41845B6221B709E800B3E24A /* AppDelegate.swift in Sources */ = {isa = PBXBuildFile; fileRef = 41845B6121B709E800B3E24A /* AppDelegate.swift */; };
		41845B6421B709E800B3E24A /* ViewController.swift in Sources */ = {isa = PBXBuildFile; fileRef = 41845B6321B709E800B3E24A /* ViewController.swift */; };
		41845B6721B709E800B3E24A /* Main.storyboard in Resources */ = {isa = PBXBuildFile; fileRef = 41845B6521B709E800B3E24A /* Main.storyboard */; };
		41845B6921B709F600B3E24A /* Assets.xcassets in Resources */ = {isa = PBXBuildFile; fileRef = 41845B6821B709F600B3E24A /* Assets.xcassets */; };
		41845B6C21B709F600B3E24A /* LaunchScreen.storyboard in Resources */ = {isa = PBXBuildFile; fileRef = 41845B6A21B709F600B3E24A /* LaunchScreen.storyboard */; };
/* End PBXBuildFile section */

/* Begin PBXFileReference section */
		41845B5E21B709E800B3E24A /* HmmProject.app */ = {isa = PBXFileReference; explicitFileType = wrapper.application; includeInIndex = 0; path = HmmProject.app; sourceTree = BUILT_PRODUCTS_DIR; };
		41845B6121B709E800B3E24A /* AppDelegate.swift */ = {isa = PBXFileReference; lastKnownFileType = sourcecode.swift; path = AppDelegate.swift; sourceTree = "<group>"; };
		41845B6321B709E800B3E24A /* ViewController.swift */ = {isa = PBXFileReference; lastKnownFileType = sourcecode.swift; path = ViewController.swift; sourceTree = "<group>"; };
		41845B6621B709E800B3E24A /* Base */ = {isa = PBXFileReference; lastKnownFileType = file.storyboard; name = Base; path = Base.lproj/Main.storyboard; sourceTree = "<group>"; };
		41845B6821B709F600B3E24A /* Assets.xcassets */ = {isa = PBXFileReference; lastKnownFileType = folder.assetcatalog; path = Assets.xcassets; sourceTree = "<group>"; };
		41845B6B21B709F600B3E24A /* Base */ = {isa = PBXFileReference; lastKnownFileType = file.storyboard; name = Base; path = Base.lproj/LaunchScreen.storyboard; sourceTree = "<group>"; };
		41845B6D21B709F600B3E24A /* Info.plist */ = {isa = PBXFileReference; lastKnownFileType = text.plist.xml; path = Info.plist; sourceTree = "<group>"; };
/* End PBXFileReference section */

/* Begin PBXFrameworksBuildPhase section */
		41845B5B21B709E800B3E24A /* Frameworks */ = {
			isa = PBXFrameworksBuildPhase;
			buildActionMask = 2147483647;
			files = (
			);
			runOnlyForDeploymentPostprocessing = 0;
		};
/* End PBXFrameworksBuildPhase section */

/* Begin PBXGroup section */
		41845B5521B709E800B3E24A = {
			isa = PBXGroup;
			children = (
				41845B6021B709E800B3E24A /* HmmProject */,
				41845B5F21B709E800B3E24A /* Products */,
			);
			sourceTree = "<group>";
		};
		41845B5F21B709E800B3E24A /* Products */ = {
			isa = PBXGroup;
			children = (
				41845B5E21B709E800B3E24A /* HmmProject.app */,
			);
			name = Products;
			sourceTree = "<group>";
		};
		41845B6021B709E800B3E24A /* HmmProject */ = {
			isa = PBXGroup;
			children = (
				41845B7521B70AC500B3E24A /* Controller */,
				41845B7421B70AA900B3E24A /* View */,
				41845B7321B70A2300B3E24A /* Resources */,
			);
			path = HmmProject;
			sourceTree = "<group>";
		};
		41845B7321B70A2300B3E24A /* Resources */ = {
			isa = PBXGroup;
			children = (
				41845B6121B709E800B3E24A /* AppDelegate.swift */,
				41845B6821B709F600B3E24A /* Assets.xcassets */,
				41845B6D21B709F600B3E24A /* Info.plist */,
			);
			path = Resources;
			sourceTree = "<group>";
		};
		41845B7421B70AA900B3E24A /* View */ = {
			isa = PBXGroup;
			children = (
				41845B6521B709E800B3E24A /* Main.storyboard */,
				41845B6A21B709F600B3E24A /* LaunchScreen.storyboard */,
			);
			path = View;
			sourceTree = "<group>";
		};
		41845B7521B70AC500B3E24A /* Controller */ = {
			isa = PBXGroup;
			children = (
				41845B6321B709E800B3E24A /* ViewController.swift */,
			);
			path = Controller;
			sourceTree = "<group>";
		};
/* End PBXGroup section */

/* Begin PBXNativeTarget section */
		41845B5D21B709E800B3E24A /* HmmProject */ = {
			isa = PBXNativeTarget;
			buildConfigurationList = 41845B7021B709F600B3E24A /* Build configuration list for PBXNativeTarget "HmmProject" */;
			buildPhases = (
				41845B5A21B709E800B3E24A /* Sources */,
				41845B5B21B709E800B3E24A /* Frameworks */,
				41845B5C21B709E800B3E24A /* Resources */,
			);
			buildRules = (
			);
			dependencies = (
			);
			name = HmmProject;
			productName = HmmProject;
			productReference = 41845B5E21B709E800B3E24A /* HmmProject.app */;
			productType = "com.apple.product-type.application";
		};
/* End PBXNativeTarget section */

/* Begin PBXProject section */
		41845B5621B709E800B3E24A /* Project object */ = {
			isa = PBXProject;
			attributes = {
				LastSwiftUpdateCheck = 1000;
				LastUpgradeCheck = 1000;
				ORGANIZATIONNAME = CTEC;
				TargetAttributes = {
					41845B5D21B709E800B3E24A = {
						CreatedOnToolsVersion = 10.0;
					};
				};
			};
			buildConfigurationList = 41845B5921B709E800B3E24A /* Build configuration list for PBXProject "HmmProject" */;
			compatibilityVersion = "Xcode 9.3";
			developmentRegion = en;
			hasScannedForEncodings = 0;
			knownRegions = (
				en,
				Base,
			);
			mainGroup = 41845B5521B709E800B3E24A;
			productRefGroup = 41845B5F21B709E800B3E24A /* Products */;
			projectDirPath = "";
			projectRoot = "";
			targets = (
				41845B5D21B709E800B3E24A /* HmmProject */,
			);
		};
/* End PBXProject section */

/* Begin PBXResourcesBuildPhase section */
		41845B5C21B709E800B3E24A /* Resources */ = {
			isa = PBXResourcesBuildPhase;
			buildActionMask = 2147483647;
			files = (
				41845B6C21B709F600B3E24A /* LaunchScreen.storyboard in Resources */,
				41845B6921B709F600B3E24A /* Assets.xcassets in Resources */,
				41845B6721B709E800B3E24A /* Main.storyboard in Resources */,
			);
			runOnlyForDeploymentPostprocessing = 0;
		};
/* End PBXResourcesBuildPhase section */

/* Begin PBXSourcesBuildPhase section */
		41845B5A21B709E800B3E24A /* Sources */ = {
			isa = PBXSourcesBuildPhase;
			buildActionMask = 2147483647;
			files = (
				41845B6421B709E800B3E24A /* ViewController.swift in Sources */,
				41845B6221B709E800B3E24A /* AppDelegate.swift in Sources */,
			);
			runOnlyForDeploymentPostprocessing = 0;
		};
/* End PBXSourcesBuildPhase section */

/* Begin PBXVariantGroup section */
		41845B6521B709E800B3E24A /* Main.storyboard */ = {
			isa = PBXVariantGroup;
			children = (
				41845B6621B709E800B3E24A /* Base */,
			);
			name = Main.storyboard;
			sourceTree = "<group>";
		};
		41845B6A21B709F600B3E24A /* LaunchScreen.storyboard */ = {
			isa = PBXVariantGroup;
			children = (
				41845B6B21B709F600B3E24A /* Base */,
			);
			name = LaunchScreen.storyboard;
			sourceTree = "<group>";
		};
/* End PBXVariantGroup section */

/* Begin XCBuildConfiguration section */
		41845B6E21B709F600B3E24A /* Debug */ = {
			isa = XCBuildConfiguration;
			buildSettings = {
				ALWAYS_SEARCH_USER_PATHS = NO;
				CLANG_ANALYZER_NONNULL = YES;
				CLANG_ANALYZER_NUMBER_OBJECT_CONVERSION = YES_AGGRESSIVE;
				CLANG_CXX_LANGUAGE_STANDARD = "gnu++14";
				CLANG_CXX_LIBRARY = "libc++";
				CLANG_ENABLE_MODULES = YES;
				CLANG_ENABLE_OBJC_ARC = YES;
				CLANG_ENABLE_OBJC_WEAK = YES;
				CLANG_WARN_BLOCK_CAPTURE_AUTORELEASING = YES;
				CLANG_WARN_BOOL_CONVERSION = YES;
				CLANG_WARN_COMMA = YES;
				CLANG_WARN_CONSTANT_CONVERSION = YES;
				CLANG_WARN_DEPRECATED_OBJC_IMPLEMENTATIONS = YES;
				CLANG_WARN_DIRECT_OBJC_ISA_USAGE = YES_ERROR;
				CLANG_WARN_DOCUMENTATION_COMMENTS = YES;
				CLANG_WARN_EMPTY_BODY = YES;
				CLANG_WARN_ENUM_CONVERSION = YES;
				CLANG_WARN_INFINITE_RECURSION = YES;
				CLANG_WARN_INT_CONVERSION = YES;
				CLANG_WARN_NON_LITERAL_NULL_CONVERSION = YES;
				CLANG_WARN_OBJC_IMPLICIT_RETAIN_SELF = YES;
				CLANG_WARN_OBJC_LITERAL_CONVERSION = YES;
				CLANG_WARN_OBJC_ROOT_CLASS = YES_ERROR;
				CLANG_WARN_RANGE_LOOP_ANALYSIS = YES;
				CLANG_WARN_STRICT_PROTOTYPES = YES;
				CLANG_WARN_SUSPICIOUS_MOVE = YES;
				CLANG_WARN_UNGUARDED_AVAILABILITY = YES_AGGRESSIVE;
				CLANG_WARN_UNREACHABLE_CODE = YES;
				CLANG_WARN__DUPLICATE_METHOD_MATCH = YES;
				CODE_SIGN_IDENTITY = "iPhone Developer";
				COPY_PHASE_STRIP = NO;
				DEBUG_INFORMATION_FORMAT = dwarf;
				ENABLE_STRICT_OBJC_MSGSEND = YES;
				ENABLE_TESTABILITY = YES;
				GCC_C_LANGUAGE_STANDARD = gnu11;
				GCC_DYNAMIC_NO_PIC = NO;
				GCC_NO_COMMON_BLOCKS = YES;
				GCC_OPTIMIZATION_LEVEL = 0;
				GCC_PREPROCESSOR_DEFINITIONS = (
					"DEBUG=1",
					"$(inherited)",
				);
				GCC_WARN_64_TO_32_BIT_CONVERSION = YES;
				GCC_WARN_ABOUT_RETURN_TYPE = YES_ERROR;
				GCC_WARN_UNDECLARED_SELECTOR = YES;
				GCC_WARN_UNINITIALIZED_AUTOS = YES_AGGRESSIVE;
				GCC_WARN_UNUSED_FUNCTION = YES;
				GCC_WARN_UNUSED_VARIABLE = YES;
				IPHONEOS_DEPLOYMENT_TARGET = 12.0;
				MTL_ENABLE_DEBUG_INFO = INCLUDE_SOURCE;
				MTL_FAST_MATH = YES;
				ONLY_ACTIVE_ARCH = YES;
				SDKROOT = iphoneos;
				SWIFT_ACTIVE_COMPILATION_CONDITIONS = DEBUG;
				SWIFT_OPTIMIZATION_LEVEL = "-Onone";
			};
			name = Debug;
		};
		41845B6F21B709F600B3E24A /* Release */ = {
			isa = XCBuildConfiguration;
			buildSettings = {
				ALWAYS_SEARCH_USER_PATHS = NO;
				CLANG_ANALYZER_NONNULL = YES;
				CLANG_ANALYZER_NUMBER_OBJECT_CONVERSION = YES_AGGRESSIVE;
				CLANG_CXX_LANGUAGE_STANDARD = "gnu++14";
				CLANG_CXX_LIBRARY = "libc++";
				CLANG_ENABLE_MODULES = YES;
				CLANG_ENABLE_OBJC_ARC = YES;
				CLANG_ENABLE_OBJC_WEAK = YES;
				CLANG_WARN_BLOCK_CAPTURE_AUTORELEASING = YES;
				CLANG_WARN_BOOL_CONVERSION = YES;
				CLANG_WARN_COMMA = YES;
				CLANG_WARN_CONSTANT_CONVERSION = YES;
				CLANG_WARN_DEPRECATED_OBJC_IMPLEMENTATIONS = YES;
				CLANG_WARN_DIRECT_OBJC_ISA_USAGE = YES_ERROR;
				CLANG_WARN_DOCUMENTATION_COMMENTS = YES;
				CLANG_WARN_EMPTY_BODY = YES;
				CLANG_WARN_ENUM_CONVERSION = YES;
				CLANG_WARN_INFINITE_RECURSION = YES;
				CLANG_WARN_INT_CONVERSION = YES;
				CLANG_WARN_NON_LITERAL_NULL_CONVERSION = YES;
				CLANG_WARN_OBJC_IMPLICIT_RETAIN_SELF = YES;
				CLANG_WARN_OBJC_LITERAL_CONVERSION = YES;
				CLANG_WARN_OBJC_ROOT_CLASS = YES_ERROR;
				CLANG_WARN_RANGE_LOOP_ANALYSIS = YES;
				CLANG_WARN_STRICT_PROTOTYPES = YES;
				CLANG_WARN_SUSPICIOUS_MOVE = YES;
				CLANG_WARN_UNGUARDED_AVAILABILITY = YES_AGGRESSIVE;
				CLANG_WARN_UNREACHABLE_CODE = YES;
				CLANG_WARN__DUPLICATE_METHOD_MATCH = YES;
				CODE_SIGN_IDENTITY = "iPhone Developer";
				COPY_PHASE_STRIP = NO;
				DEBUG_INFORMATION_FORMAT = "dwarf-with-dsym";
				ENABLE_NS_ASSERTIONS = NO;
				ENABLE_STRICT_OBJC_MSGSEND = YES;
				GCC_C_LANGUAGE_STANDARD = gnu11;
				GCC_NO_COMMON_BLOCKS = YES;
				GCC_WARN_64_TO_32_BIT_CONVERSION = YES;
				GCC_WARN_ABOUT_RETURN_TYPE = YES_ERROR;
				GCC_WARN_UNDECLARED_SELECTOR = YES;
				GCC_WARN_UNINITIALIZED_AUTOS = YES_AGGRESSIVE;
				GCC_WARN_UNUSED_FUNCTION = YES;
				GCC_WARN_UNUSED_VARIABLE = YES;
				IPHONEOS_DEPLOYMENT_TARGET = 12.0;
				MTL_ENABLE_DEBUG_INFO = NO;
				MTL_FAST_MATH = YES;
				SDKROOT = iphoneos;
				SWIFT_COMPILATION_MODE = wholemodule;
				SWIFT_OPTIMIZATION_LEVEL = "-O";
				VALIDATE_PRODUCT = YES;
			};
			name = Release;
		};
		41845B7121B709F600B3E24A /* Debug */ = {
			isa = XCBuildConfiguration;
			buildSettings = {
				ASSETCATALOG_COMPILER_APPICON_NAME = AppIcon;
				CODE_SIGN_STYLE = Automatic;
				INFOPLIST_FILE = HmmProject/Info.plist;
				LD_RUNPATH_SEARCH_PATHS = (
					"$(inherited)",
					"@executable_path/Frameworks",
				);
				PRODUCT_BUNDLE_IDENTIFIER = CTEC.HmmProject;
				PRODUCT_NAME = "$(TARGET_NAME)";
				SWIFT_VERSION = 4.2;
				TARGETED_DEVICE_FAMILY = "1,2";
			};
			name = Debug;
		};
		41845B7221B709F600B3E24A /* Release */ = {
			isa = XCBuildConfiguration;
			buildSettings = {
				ASSETCATALOG_COMPILER_APPICON_NAME = AppIcon;
				CODE_SIGN_STYLE = Automatic;
				INFOPLIST_FILE = HmmProject/Info.plist;
				LD_RUNPATH_SEARCH_PATHS = (
					"$(inherited)",
					"@executable_path/Frameworks",
				);
				PRODUCT_BUNDLE_IDENTIFIER = CTEC.HmmProject;
				PRODUCT_NAME = "$(TARGET_NAME)";
				SWIFT_VERSION = 4.2;
				TARGETED_DEVICE_FAMILY = "1,2";
			};
			name = Release;
		};
/* End XCBuildConfiguration section */

/* Begin XCConfigurationList section */
		41845B5921B709E800B3E24A /* Build configuration list for PBXProject "HmmProject" */ = {
			isa = XCConfigurationList;
			buildConfigurations = (
				41845B6E21B709F600B3E24A /* Debug */,
				41845B6F21B709F600B3E24A /* Release */,
			);
			defaultConfigurationIsVisible = 0;
			defaultConfigurationName = Release;
		};
		41845B7021B709F600B3E24A /* Build configuration list for PBXNativeTarget "HmmProject" */ = {
			isa = XCConfigurationList;
			buildConfigurations = (
				41845B7121B709F600B3E24A /* Debug */,
				41845B7221B709F600B3E24A /* Release */,
			);
			defaultConfigurationIsVisible = 0;
			defaultConfigurationName = Release;
		};
/* End XCConfigurationList section */
	};
	rootObject = 41845B5621B709E800B3E24A /* Project object */;
}
